
Microsoft Visual Studio Solution File, Format Version 12.00
# Visual Studio Version 16
VisualStudioVersion = 16.0.30011.22
MinimumVisualStudioVersion = 10.0.40219.1
Project("{E24C65DC-7377-472B-9ABA-BC803B73C61A}") = "student", ".", "{D8CFF88D-78F5-4698-99E6-96B68997011B}"
	ProjectSection(WebsiteProperties) = preProject
		TargetFrameworkMoniker = ".NETFramework,Version%3Dv3.5"
		Debug.AspNetCompiler.VirtualPath = "/steduen"
		Debug.AspNetCompiler.PhysicalPath = "H:\steduen\"
		Debug.AspNetCompiler.TargetPath = "PrecompiledWeb\steduen\"
		Debug.AspNetCompiler.Updateable = "true"
		Debug.AspNetCompiler.ForceOverwrite = "true"
		Debug.AspNetCompiler.FixedNames = "false"
		Debug.AspNetCompiler.Debug = "True"
		Release.AspNetCompiler.VirtualPath = "/steduen"
		Release.AspNetCompiler.PhysicalPath = "H:\steduen\"
		Release.AspNetCompiler.TargetPath = "PrecompiledWeb\steduen\"
		Release.AspNetCompiler.Updateable = "true"
		Release.AspNetCompiler.ForceOverwrite = "true"
		Release.AspNetCompiler.FixedNames = "false"
		Release.AspNetCompiler.Debug = "False"
		VWDPort = "1302"
	EndProjectSection
EndProject
Global
	GlobalSection(SolutionConfigurationPlatforms) = preSolution
		Debug|.NET = Debug|.NET
	EndGlobalSection
	GlobalSection(ProjectConfigurationPlatforms) = postSolution
		{D8CFF88D-78F5-4698-99E6-96B68997011B}.Debug|.NET.ActiveCfg = Debug|Any CPU
		{D8CFF88D-78F5-4698-99E6-96B68997011B}.Debug|.NET.Build.0 = Debug|Any CPU
	EndGlobalSection
	GlobalSection(SolutionProperties) = preSolution
		HideSolutionNode = FALSE
	EndGlobalSection
	GlobalSection(ExtensibilityGlobals) = postSolution
		SolutionGuid = {EC477120-DF08-4CA6-9473-F62D1FA35924}
	EndGlobalSection
EndGlobal
