
Microsoft Visual Studio Solution File, Format Version 10.00
# Visual Studio 2008
Project("{E24C65DC-7377-472B-9ABA-BC803B73C61A}") = "steduen", ".", "{D8CFF88D-78F5-4698-99E6-96B68997011B}"
	ProjectSection(WebsiteProperties) = preProject
		TargetFramework = "3.5"
		Debug.AspNetCompiler.VirtualPath = "/steduen"
		Debug.AspNetCompiler.PhysicalPath = "H:\steduen\"
		Debug.AspNetCompiler.TargetPath = "PrecompiledWeb\steduen\"
		Debug.AspNetCompiler.Updateable = "true"
		Debug.AspNetCompiler.ForceOverwrite = "true"
		Debug.AspNetCompiler.FixedNames = "false"
		Debug.AspNetCompiler.Debug = "True"
		Release.AspNetCompiler.VirtualPath = "/steduen"
		Release.AspNetCompiler.PhysicalPath = "H:\steduen\"
		Release.AspNetCompiler.TargetPath = "PrecompiledWeb\steduen\"
		Release.AspNetCompiler.Updateable = "true"
		Release.AspNetCompiler.ForceOverwrite = "true"
		Release.AspNetCompiler.FixedNames = "false"
		Release.AspNetCompiler.Debug = "False"
		VWDPort = "1302"
	EndProjectSection
EndProject
Global
	GlobalSection(SolutionConfigurationPlatforms) = preSolution
		Debug|.NET = Debug|.NET
	EndGlobalSection
	GlobalSection(ProjectConfigurationPlatforms) = postSolution
		{D8CFF88D-78F5-4698-99E6-96B68997011B}.Debug|.NET.ActiveCfg = Debug|.NET
		{D8CFF88D-78F5-4698-99E6-96B68997011B}.Debug|.NET.Build.0 = Debug|.NET
	EndGlobalSection
	GlobalSection(SolutionProperties) = preSolution
		HideSolutionNode = FALSE
	EndGlobalSection
EndGlobal
